{
  "name": "solvitize",
  "version": "1.0.2",
  "lockfileVersion": 2,
  "requires": true,
  "packages": {
    "": {
      "name": "solvitize",
      "version": "1.0.2",
      "license": "MIT",
      "dependencies": {
        "solvitize": "file:solvitize-1.0.0.tgz"
      }
    },
    "node_modules/solvitize": {
      "version": "1.0.0",
      "resolved": "file:solvitize-1.0.0.tgz",
      "integrity": "sha512-Hsd6ogcpWFe6pWrMAuz6hlrMp3zz4+1Kd8hpoEQAptn9OlW0QPN+jYZo5CFMcO/MUkTNbjPFiHG8phHsQkQ81w==",
      "license": "MIT"
    }
  },
  "dependencies": {
    "solvitize": {
      "version": "file:solvitize-1.0.0.tgz",
      "integrity": "sha512-Hsd6ogcpWFe6pWrMAuz6hlrMp3zz4+1Kd8hpoEQAptn9OlW0QPN+jYZo5CFMcO/MUkTNbjPFiHG8phHsQkQ81w=="
    }
  }
}
